
Microsoft Visual Studio Solution File, Format Version 12.00
# Visual Studio Version 17
VisualStudioVersion = 17.0.31903.59
MinimumVisualStudioVersion = 10.0.40219.1
Project("{2150E333-8FDC-42A3-9474-1A3956D46DE8}") = "src", "src", "{827E0CD3-B72D-47B6-A68D-7590B98EB39B}"
EndProject
Project("{FAE04EC0-301F-11D3-BF4B-00C04F79EFBC}") = "DocuMind.Core", "src\DocuMind.Core\DocuMind.Core.csproj", "{A98F556C-B566-4FB1-A218-3D35C4333150}"
EndProject
Project("{FAE04EC0-301F-11D3-BF4B-00C04F79EFBC}") = "DocuMind.Application", "src\DocuMind.Application\DocuMind.Application.csproj", "{33B444EF-514B-4811-A062-6B9E72F2976A}"
EndProject
Project("{FAE04EC0-301F-11D3-BF4B-00C04F79EFBC}") = "DocuMind.Infrastructure", "src\DocuMind.Infrastructure\DocuMind.Infrastructure.csproj", "{2384AA4E-CDA0-4815-91A8-AFA3456C7A84}"
EndProject
Project("{FAE04EC0-301F-11D3-BF4B-00C04F79EFBC}") = "DocuMind.API", "src\DocuMind.API\DocuMind.API.csproj", "{75DC27F2-77D8-4454-A157-A271E050B8FE}"
EndProject
Project("{2150E333-8FDC-42A3-9474-1A3956D46DE8}") = "tests", "tests", "{0AB3BF05-4346-4AA6-1389-037BE0695223}"
EndProject
Project("{FAE04EC0-301F-11D3-BF4B-00C04F79EFBC}") = "DocuMind.Application.Tests", "tests\DocuMind.Application.Tests\DocuMind.Application.Tests.csproj", "{225CB35D-2178-43A9-BCFB-6573A7A2EEC0}"
EndProject
Project("{FAE04EC0-301F-11D3-BF4B-00C04F79EFBC}") = "DocuMind.API.Tests", "tests\DocuMind.API.Tests\DocuMind.API.Tests.csproj", "{75448B2D-7398-49FF-A291-E45FB5E7C0B1}"
EndProject
Project("{FAE04EC0-301F-11D3-BF4B-00C04F79EFBC}") = "DocuMind.Core.Tests", "tests\DocuMind.Core.Tests\DocuMind.Core.Tests.csproj", "{33316F56-3962-46F6-B335-577EC970DD98}"
EndProject
Project("{FAE04EC0-301F-11D3-BF4B-00C04F79EFBC}") = "DocuMind.Infrastructure.Tests", "tests\DocuMind.Infrastructure.Tests\DocuMind.Infrastructure.Tests.csproj", "{D2FBD545-D8F7-435D-B882-8633E744DA98}"
EndProject
Global
	GlobalSection(SolutionConfigurationPlatforms) = preSolution
		Debug|Any CPU = Debug|Any CPU
		Debug|x64 = Debug|x64
		Debug|x86 = Debug|x86
		Release|Any CPU = Release|Any CPU
		Release|x64 = Release|x64
		Release|x86 = Release|x86
	EndGlobalSection
	GlobalSection(ProjectConfigurationPlatforms) = postSolution
		{A98F556C-B566-4FB1-A218-3D35C4333150}.Debug|Any CPU.ActiveCfg = Debug|Any CPU
		{A98F556C-B566-4FB1-A218-3D35C4333150}.Debug|Any CPU.Build.0 = Debug|Any CPU
		{A98F556C-B566-4FB1-A218-3D35C4333150}.Debug|x64.ActiveCfg = Debug|Any CPU
		{A98F556C-B566-4FB1-A218-3D35C4333150}.Debug|x64.Build.0 = Debug|Any CPU
		{A98F556C-B566-4FB1-A218-3D35C4333150}.Debug|x86.ActiveCfg = Debug|Any CPU
		{A98F556C-B566-4FB1-A218-3D35C4333150}.Debug|x86.Build.0 = Debug|Any CPU
		{A98F556C-B566-4FB1-A218-3D35C4333150}.Release|Any CPU.ActiveCfg = Release|Any CPU
		{A98F556C-B566-4FB1-A218-3D35C4333150}.Release|Any CPU.Build.0 = Release|Any CPU
		{A98F556C-B566-4FB1-A218-3D35C4333150}.Release|x64.ActiveCfg = Release|Any CPU
		{A98F556C-B566-4FB1-A218-3D35C4333150}.Release|x64.Build.0 = Release|Any CPU
		{A98F556C-B566-4FB1-A218-3D35C4333150}.Release|x86.ActiveCfg = Release|Any CPU
		{A98F556C-B566-4FB1-A218-3D35C4333150}.Release|x86.Build.0 = Release|Any CPU
		{33B444EF-514B-4811-A062-6B9E72F2976A}.Debug|Any CPU.ActiveCfg = Debug|Any CPU
		{33B444EF-514B-4811-A062-6B9E72F2976A}.Debug|Any CPU.Build.0 = Debug|Any CPU
		{33B444EF-514B-4811-A062-6B9E72F2976A}.Debug|x64.ActiveCfg = Debug|Any CPU
		{33B444EF-514B-4811-A062-6B9E72F2976A}.Debug|x64.Build.0 = Debug|Any CPU
		{33B444EF-514B-4811-A062-6B9E72F2976A}.Debug|x86.ActiveCfg = Debug|Any CPU
		{33B444EF-514B-4811-A062-6B9E72F2976A}.Debug|x86.Build.0 = Debug|Any CPU
		{33B444EF-514B-4811-A062-6B9E72F2976A}.Release|Any CPU.ActiveCfg = Release|Any CPU
		{33B444EF-514B-4811-A062-6B9E72F2976A}.Release|Any CPU.Build.0 = Release|Any CPU
		{33B444EF-514B-4811-A062-6B9E72F2976A}.Release|x64.ActiveCfg = Release|Any CPU
		{33B444EF-514B-4811-A062-6B9E72F2976A}.Release|x64.Build.0 = Release|Any CPU
		{33B444EF-514B-4811-A062-6B9E72F2976A}.Release|x86.ActiveCfg = Release|Any CPU
		{33B444EF-514B-4811-A062-6B9E72F2976A}.Release|x86.Build.0 = Release|Any CPU
		{2384AA4E-CDA0-4815-91A8-AFA3456C7A84}.Debug|Any CPU.ActiveCfg = Debug|Any CPU
		{2384AA4E-CDA0-4815-91A8-AFA3456C7A84}.Debug|Any CPU.Build.0 = Debug|Any CPU
		{2384AA4E-CDA0-4815-91A8-AFA3456C7A84}.Debug|x64.ActiveCfg = Debug|Any CPU
		{2384AA4E-CDA0-4815-91A8-AFA3456C7A84}.Debug|x64.Build.0 = Debug|Any CPU
		{2384AA4E-CDA0-4815-91A8-AFA3456C7A84}.Debug|x86.ActiveCfg = Debug|Any CPU
		{2384AA4E-CDA0-4815-91A8-AFA3456C7A84}.Debug|x86.Build.0 = Debug|Any CPU
		{2384AA4E-CDA0-4815-91A8-AFA3456C7A84}.Release|Any CPU.ActiveCfg = Release|Any CPU
		{2384AA4E-CDA0-4815-91A8-AFA3456C7A84}.Release|Any CPU.Build.0 = Release|Any CPU
		{2384AA4E-CDA0-4815-91A8-AFA3456C7A84}.Release|x64.ActiveCfg = Release|Any CPU
		{2384AA4E-CDA0-4815-91A8-AFA3456C7A84}.Release|x64.Build.0 = Release|Any CPU
		{2384AA4E-CDA0-4815-91A8-AFA3456C7A84}.Release|x86.ActiveCfg = Release|Any CPU
		{2384AA4E-CDA0-4815-91A8-AFA3456C7A84}.Release|x86.Build.0 = Release|Any CPU
		{75DC27F2-77D8-4454-A157-A271E050B8FE}.Debug|Any CPU.ActiveCfg = Debug|Any CPU
		{75DC27F2-77D8-4454-A157-A271E050B8FE}.Debug|Any CPU.Build.0 = Debug|Any CPU
		{75DC27F2-77D8-4454-A157-A271E050B8FE}.Debug|x64.ActiveCfg = Debug|Any CPU
		{75DC27F2-77D8-4454-A157-A271E050B8FE}.Debug|x64.Build.0 = Debug|Any CPU
		{75DC27F2-77D8-4454-A157-A271E050B8FE}.Debug|x86.ActiveCfg = Debug|Any CPU
		{75DC27F2-77D8-4454-A157-A271E050B8FE}.Debug|x86.Build.0 = Debug|Any CPU
		{75DC27F2-77D8-4454-A157-A271E050B8FE}.Release|Any CPU.ActiveCfg = Release|Any CPU
		{75DC27F2-77D8-4454-A157-A271E050B8FE}.Release|Any CPU.Build.0 = Release|Any CPU
		{75DC27F2-77D8-4454-A157-A271E050B8FE}.Release|x64.ActiveCfg = Release|Any CPU
		{75DC27F2-77D8-4454-A157-A271E050B8FE}.Release|x64.Build.0 = Release|Any CPU
		{75DC27F2-77D8-4454-A157-A271E050B8FE}.Release|x86.ActiveCfg = Release|Any CPU
		{75DC27F2-77D8-4454-A157-A271E050B8FE}.Release|x86.Build.0 = Release|Any CPU
		{225CB35D-2178-43A9-BCFB-6573A7A2EEC0}.Debug|Any CPU.ActiveCfg = Debug|Any CPU
		{225CB35D-2178-43A9-BCFB-6573A7A2EEC0}.Debug|Any CPU.Build.0 = Debug|Any CPU
		{225CB35D-2178-43A9-BCFB-6573A7A2EEC0}.Debug|x64.ActiveCfg = Debug|Any CPU
		{225CB35D-2178-43A9-BCFB-6573A7A2EEC0}.Debug|x64.Build.0 = Debug|Any CPU
		{225CB35D-2178-43A9-BCFB-6573A7A2EEC0}.Debug|x86.ActiveCfg = Debug|Any CPU
		{225CB35D-2178-43A9-BCFB-6573A7A2EEC0}.Debug|x86.Build.0 = Debug|Any CPU
		{225CB35D-2178-43A9-BCFB-6573A7A2EEC0}.Release|Any CPU.ActiveCfg = Release|Any CPU
		{225CB35D-2178-43A9-BCFB-6573A7A2EEC0}.Release|Any CPU.Build.0 = Release|Any CPU
		{225CB35D-2178-43A9-BCFB-6573A7A2EEC0}.Release|x64.ActiveCfg = Release|Any CPU
		{225CB35D-2178-43A9-BCFB-6573A7A2EEC0}.Release|x64.Build.0 = Release|Any CPU
		{225CB35D-2178-43A9-BCFB-6573A7A2EEC0}.Release|x86.ActiveCfg = Release|Any CPU
		{225CB35D-2178-43A9-BCFB-6573A7A2EEC0}.Release|x86.Build.0 = Release|Any CPU
		{75448B2D-7398-49FF-A291-E45FB5E7C0B1}.Debug|Any CPU.ActiveCfg = Debug|Any CPU
		{75448B2D-7398-49FF-A291-E45FB5E7C0B1}.Debug|Any CPU.Build.0 = Debug|Any CPU
		{75448B2D-7398-49FF-A291-E45FB5E7C0B1}.Debug|x64.ActiveCfg = Debug|Any CPU
		{75448B2D-7398-49FF-A291-E45FB5E7C0B1}.Debug|x64.Build.0 = Debug|Any CPU
		{75448B2D-7398-49FF-A291-E45FB5E7C0B1}.Debug|x86.ActiveCfg = Debug|Any CPU
		{75448B2D-7398-49FF-A291-E45FB5E7C0B1}.Debug|x86.Build.0 = Debug|Any CPU
		{75448B2D-7398-49FF-A291-E45FB5E7C0B1}.Release|Any CPU.ActiveCfg = Release|Any CPU
		{75448B2D-7398-49FF-A291-E45FB5E7C0B1}.Release|Any CPU.Build.0 = Release|Any CPU
		{75448B2D-7398-49FF-A291-E45FB5E7C0B1}.Release|x64.ActiveCfg = Release|Any CPU
		{75448B2D-7398-49FF-A291-E45FB5E7C0B1}.Release|x64.Build.0 = Release|Any CPU
		{75448B2D-7398-49FF-A291-E45FB5E7C0B1}.Release|x86.ActiveCfg = Release|Any CPU
		{75448B2D-7398-49FF-A291-E45FB5E7C0B1}.Release|x86.Build.0 = Release|Any CPU
		{33316F56-3962-46F6-B335-577EC970DD98}.Debug|Any CPU.ActiveCfg = Debug|Any CPU
		{33316F56-3962-46F6-B335-577EC970DD98}.Debug|Any CPU.Build.0 = Debug|Any CPU
		{33316F56-3962-46F6-B335-577EC970DD98}.Debug|x64.ActiveCfg = Debug|Any CPU
		{33316F56-3962-46F6-B335-577EC970DD98}.Debug|x64.Build.0 = Debug|Any CPU
		{33316F56-3962-46F6-B335-577EC970DD98}.Debug|x86.ActiveCfg = Debug|Any CPU
		{33316F56-3962-46F6-B335-577EC970DD98}.Debug|x86.Build.0 = Debug|Any CPU
		{33316F56-3962-46F6-B335-577EC970DD98}.Release|Any CPU.ActiveCfg = Release|Any CPU
		{33316F56-3962-46F6-B335-577EC970DD98}.Release|Any CPU.Build.0 = Release|Any CPU
		{33316F56-3962-46F6-B335-577EC970DD98}.Release|x64.ActiveCfg = Release|Any CPU
		{33316F56-3962-46F6-B335-577EC970DD98}.Release|x64.Build.0 = Release|Any CPU
		{33316F56-3962-46F6-B335-577EC970DD98}.Release|x86.ActiveCfg = Release|Any CPU
		{33316F56-3962-46F6-B335-577EC970DD98}.Release|x86.Build.0 = Release|Any CPU
		{D2FBD545-D8F7-435D-B882-8633E744DA98}.Debug|Any CPU.ActiveCfg = Debug|Any CPU
		{D2FBD545-D8F7-435D-B882-8633E744DA98}.Debug|Any CPU.Build.0 = Debug|Any CPU
		{D2FBD545-D8F7-435D-B882-8633E744DA98}.Debug|x64.ActiveCfg = Debug|Any CPU
		{D2FBD545-D8F7-435D-B882-8633E744DA98}.Debug|x64.Build.0 = Debug|Any CPU
		{D2FBD545-D8F7-435D-B882-8633E744DA98}.Debug|x86.ActiveCfg = Debug|Any CPU
		{D2FBD545-D8F7-435D-B882-8633E744DA98}.Debug|x86.Build.0 = Debug|Any CPU
		{D2FBD545-D8F7-435D-B882-8633E744DA98}.Release|Any CPU.ActiveCfg = Release|Any CPU
		{D2FBD545-D8F7-435D-B882-8633E744DA98}.Release|Any CPU.Build.0 = Release|Any CPU
		{D2FBD545-D8F7-435D-B882-8633E744DA98}.Release|x64.ActiveCfg = Release|Any CPU
		{D2FBD545-D8F7-435D-B882-8633E744DA98}.Release|x64.Build.0 = Release|Any CPU
		{D2FBD545-D8F7-435D-B882-8633E744DA98}.Release|x86.ActiveCfg = Release|Any CPU
		{D2FBD545-D8F7-435D-B882-8633E744DA98}.Release|x86.Build.0 = Release|Any CPU
	EndGlobalSection
	GlobalSection(SolutionProperties) = preSolution
		HideSolutionNode = FALSE
	EndGlobalSection
	GlobalSection(NestedProjects) = preSolution
		{A98F556C-B566-4FB1-A218-3D35C4333150} = {827E0CD3-B72D-47B6-A68D-7590B98EB39B}
		{33B444EF-514B-4811-A062-6B9E72F2976A} = {827E0CD3-B72D-47B6-A68D-7590B98EB39B}
		{2384AA4E-CDA0-4815-91A8-AFA3456C7A84} = {827E0CD3-B72D-47B6-A68D-7590B98EB39B}
		{75DC27F2-77D8-4454-A157-A271E050B8FE} = {827E0CD3-B72D-47B6-A68D-7590B98EB39B}
		{225CB35D-2178-43A9-BCFB-6573A7A2EEC0} = {0AB3BF05-4346-4AA6-1389-037BE0695223}
		{75448B2D-7398-49FF-A291-E45FB5E7C0B1} = {0AB3BF05-4346-4AA6-1389-037BE0695223}
		{33316F56-3962-46F6-B335-577EC970DD98} = {0AB3BF05-4346-4AA6-1389-037BE0695223}
		{D2FBD545-D8F7-435D-B882-8633E744DA98} = {0AB3BF05-4346-4AA6-1389-037BE0695223}
	EndGlobalSection
	GlobalSection(ExtensibilityGlobals) = postSolution
		SolutionGuid = {55E06606-F3F8-4880-A837-ACA5FCA89444}
	EndGlobalSection
EndGlobal
